// !$*UTF8*$!
{
	archiveVersion = 1;
	classes = {
	};
	objectVersion = 50;
	objects = {

/* Begin PBXBuildFile section */
		E6451E5D2570A6F3002C630D /* AppDelegate.swift in Sources */ = {isa = PBXBuildFile; fileRef = E6451E5C2570A6F3002C630D /* AppDelegate.swift */; };
		E6451E5F2570A6F3002C630D /* SceneDelegate.swift in Sources */ = {isa = PBXBuildFile; fileRef = E6451E5E2570A6F3002C630D /* SceneDelegate.swift */; };
		E6451E612570A6F3002C630D /* ViewController.swift in Sources */ = {isa = PBXBuildFile; fileRef = E6451E602570A6F3002C630D /* ViewController.swift */; };
		E6451E642570A6F3002C630D /* Main.storyboard in Resources */ = {isa = PBXBuildFile; fileRef = E6451E622570A6F3002C630D /* Main.storyboard */; };
		E6451E662570A6F6002C630D /* Assets.xcassets in Resources */ = {isa = PBXBuildFile; fileRef = E6451E652570A6F6002C630D /* Assets.xcassets */; };
		E6451E692570A6F6002C630D /* LaunchScreen.storyboard in Resources */ = {isa = PBXBuildFile; fileRef = E6451E672570A6F6002C630D /* LaunchScreen.storyboard */; };
		E6451E742570A6F6002C630D /* UrbanMapperTests.swift in Sources */ = {isa = PBXBuildFile; fileRef = E6451E732570A6F6002C630D /* UrbanMapperTests.swift */; };
		E6451E7F2570A6F6002C630D /* UrbanMapperUITests.swift in Sources */ = {isa = PBXBuildFile; fileRef = E6451E7E2570A6F6002C630D /* UrbanMapperUITests.swift */; };
/* End PBXBuildFile section */

/* Begin PBXContainerItemProxy section */
		E6451E702570A6F6002C630D /* PBXContainerItemProxy */ = {
			isa = PBXContainerItemProxy;
			containerPortal = E6451E512570A6F3002C630D /* Project object */;
			proxyType = 1;
			remoteGlobalIDString = E6451E582570A6F3002C630D;
			remoteInfo = UrbanMapper;
		};
		E6451E7B2570A6F6002C630D /* PBXContainerItemProxy */ = {
			isa = PBXContainerItemProxy;
			containerPortal = E6451E512570A6F3002C630D /* Project object */;
			proxyType = 1;
			remoteGlobalIDString = E6451E582570A6F3002C630D;
			remoteInfo = UrbanMapper;
		};
/* End PBXContainerItemProxy section */

/* Begin PBXFileReference section */
		E6451E592570A6F3002C630D /* UrbanMapper.app */ = {isa = PBXFileReference; explicitFileType = wrapper.application; includeInIndex = 0; path = UrbanMapper.app; sourceTree = BUILT_PRODUCTS_DIR; };
		E6451E5C2570A6F3002C630D /* AppDelegate.swift */ = {isa = PBXFileReference; lastKnownFileType = sourcecode.swift; path = AppDelegate.swift; sourceTree = "<group>"; };
		E6451E5E2570A6F3002C630D /* SceneDelegate.swift */ = {isa = PBXFileReference; lastKnownFileType = sourcecode.swift; path = SceneDelegate.swift; sourceTree = "<group>"; };
		E6451E602570A6F3002C630D /* ViewController.swift */ = {isa = PBXFileReference; lastKnownFileType = sourcecode.swift; path = ViewController.swift; sourceTree = "<group>"; };
		E6451E632570A6F3002C630D /* Base */ = {isa = PBXFileReference; lastKnownFileType = file.storyboard; name = Base; path = Base.lproj/Main.storyboard; sourceTree = "<group>"; };
		E6451E652570A6F6002C630D /* Assets.xcassets */ = {isa = PBXFileReference; lastKnownFileType = folder.assetcatalog; path = Assets.xcassets; sourceTree = "<group>"; };
		E6451E682570A6F6002C630D /* Base */ = {isa = PBXFileReference; lastKnownFileType = file.storyboard; name = Base; path = Base.lproj/LaunchScreen.storyboard; sourceTree = "<group>"; };
		E6451E6A2570A6F6002C630D /* Info.plist */ = {isa = PBXFileReference; lastKnownFileType = text.plist.xml; path = Info.plist; sourceTree = "<group>"; };
		E6451E6F2570A6F6002C630D /* UrbanMapperTests.xctest */ = {isa = PBXFileReference; explicitFileType = wrapper.cfbundle; includeInIndex = 0; path = UrbanMapperTests.xctest; sourceTree = BUILT_PRODUCTS_DIR; };
		E6451E732570A6F6002C630D /* UrbanMapperTests.swift */ = {isa = PBXFileReference; lastKnownFileType = sourcecode.swift; path = UrbanMapperTests.swift; sourceTree = "<group>"; };
		E6451E752570A6F6002C630D /* Info.plist */ = {isa = PBXFileReference; lastKnownFileType = text.plist.xml; path = Info.plist; sourceTree = "<group>"; };
		E6451E7A2570A6F6002C630D /* UrbanMapperUITests.xctest */ = {isa = PBXFileReference; explicitFileType = wrapper.cfbundle; includeInIndex = 0; path = UrbanMapperUITests.xctest; sourceTree = BUILT_PRODUCTS_DIR; };
		E6451E7E2570A6F6002C630D /* UrbanMapperUITests.swift */ = {isa = PBXFileReference; lastKnownFileType = sourcecode.swift; path = UrbanMapperUITests.swift; sourceTree = "<group>"; };
		E6451E802570A6F6002C630D /* Info.plist */ = {isa = PBXFileReference; lastKnownFileType = text.plist.xml; path = Info.plist; sourceTree = "<group>"; };
/* End PBXFileReference section */

/* Begin PBXFrameworksBuildPhase section */
		E6451E562570A6F3002C630D /* Frameworks */ = {
			isa = PBXFrameworksBuildPhase;
			buildActionMask = 2147483647;
			files = (
			);
			runOnlyForDeploymentPostprocessing = 0;
		};
		E6451E6C2570A6F6002C630D /* Frameworks */ = {
			isa = PBXFrameworksBuildPhase;
			buildActionMask = 2147483647;
			files = (
			);
			runOnlyForDeploymentPostprocessing = 0;
		};
		E6451E772570A6F6002C630D /* Frameworks */ = {
			isa = PBXFrameworksBuildPhase;
			buildActionMask = 2147483647;
			files = (
			);
			runOnlyForDeploymentPostprocessing = 0;
		};
/* End PBXFrameworksBuildPhase section */

/* Begin PBXGroup section */
		E6451E502570A6F3002C630D = {
			isa = PBXGroup;
			children = (
				E6451E5B2570A6F3002C630D /* UrbanMapper */,
				E6451E722570A6F6002C630D /* UrbanMapperTests */,
				E6451E7D2570A6F6002C630D /* UrbanMapperUITests */,
				E6451E5A2570A6F3002C630D /* Products */,
			);
			sourceTree = "<group>";
		};
		E6451E5A2570A6F3002C630D /* Products */ = {
			isa = PBXGroup;
			children = (
				E6451E592570A6F3002C630D /* UrbanMapper.app */,
				E6451E6F2570A6F6002C630D /* UrbanMapperTests.xctest */,
				E6451E7A2570A6F6002C630D /* UrbanMapperUITests.xctest */,
			);
			name = Products;
			sourceTree = "<group>";
		};
		E6451E5B2570A6F3002C630D /* UrbanMapper */ = {
			isa = PBXGroup;
			children = (
				E6451E5C2570A6F3002C630D /* AppDelegate.swift */,
				E6451E5E2570A6F3002C630D /* SceneDelegate.swift */,
				E6451E602570A6F3002C630D /* ViewController.swift */,
				E6451E622570A6F3002C630D /* Main.storyboard */,
				E6451E652570A6F6002C630D /* Assets.xcassets */,
				E6451E672570A6F6002C630D /* LaunchScreen.storyboard */,
				E6451E6A2570A6F6002C630D /* Info.plist */,
			);
			path = UrbanMapper;
			sourceTree = "<group>";
		};
		E6451E722570A6F6002C630D /* UrbanMapperTests */ = {
			isa = PBXGroup;
			children = (
				E6451E732570A6F6002C630D /* UrbanMapperTests.swift */,
				E6451E752570A6F6002C630D /* Info.plist */,
			);
			path = UrbanMapperTests;
			sourceTree = "<group>";
		};
		E6451E7D2570A6F6002C630D /* UrbanMapperUITests */ = {
			isa = PBXGroup;
			children = (
				E6451E7E2570A6F6002C630D /* UrbanMapperUITests.swift */,
				E6451E802570A6F6002C630D /* Info.plist */,
			);
			path = UrbanMapperUITests;
			sourceTree = "<group>";
		};
/* End PBXGroup section */

/* Begin PBXNativeTarget section */
		E6451E582570A6F3002C630D /* UrbanMapper */ = {
			isa = PBXNativeTarget;
			buildConfigurationList = E6451E832570A6F7002C630D /* Build configuration list for PBXNativeTarget "UrbanMapper" */;
			buildPhases = (
				E6451E552570A6F3002C630D /* Sources */,
				E6451E562570A6F3002C630D /* Frameworks */,
				E6451E572570A6F3002C630D /* Resources */,
			);
			buildRules = (
			);
			dependencies = (
			);
			name = UrbanMapper;
			productName = UrbanMapper;
			productReference = E6451E592570A6F3002C630D /* UrbanMapper.app */;
			productType = "com.apple.product-type.application";
		};
		E6451E6E2570A6F6002C630D /* UrbanMapperTests */ = {
			isa = PBXNativeTarget;
			buildConfigurationList = E6451E862570A6F7002C630D /* Build configuration list for PBXNativeTarget "UrbanMapperTests" */;
			buildPhases = (
				E6451E6B2570A6F6002C630D /* Sources */,
				E6451E6C2570A6F6002C630D /* Frameworks */,
				E6451E6D2570A6F6002C630D /* Resources */,
			);
			buildRules = (
			);
			dependencies = (
				E6451E712570A6F6002C630D /* PBXTargetDependency */,
			);
			name = UrbanMapperTests;
			productName = UrbanMapperTests;
			productReference = E6451E6F2570A6F6002C630D /* UrbanMapperTests.xctest */;
			productType = "com.apple.product-type.bundle.unit-test";
		};
		E6451E792570A6F6002C630D /* UrbanMapperUITests */ = {
			isa = PBXNativeTarget;
			buildConfigurationList = E6451E892570A6F7002C630D /* Build configuration list for PBXNativeTarget "UrbanMapperUITests" */;
			buildPhases = (
				E6451E762570A6F6002C630D /* Sources */,
				E6451E772570A6F6002C630D /* Frameworks */,
				E6451E782570A6F6002C630D /* Resources */,
			);
			buildRules = (
			);
			dependencies = (
				E6451E7C2570A6F6002C630D /* PBXTargetDependency */,
			);
			name = UrbanMapperUITests;
			productName = UrbanMapperUITests;
			productReference = E6451E7A2570A6F6002C630D /* UrbanMapperUITests.xctest */;
			productType = "com.apple.product-type.bundle.ui-testing";
		};
/* End PBXNativeTarget section */

/* Begin PBXProject section */
		E6451E512570A6F3002C630D /* Project object */ = {
			isa = PBXProject;
			attributes = {
				LastSwiftUpdateCheck = 1210;
				LastUpgradeCheck = 1210;
				TargetAttributes = {
					E6451E582570A6F3002C630D = {
						CreatedOnToolsVersion = 12.1;
					};
					E6451E6E2570A6F6002C630D = {
						CreatedOnToolsVersion = 12.1;
						TestTargetID = E6451E582570A6F3002C630D;
					};
					E6451E792570A6F6002C630D = {
						CreatedOnToolsVersion = 12.1;
						TestTargetID = E6451E582570A6F3002C630D;
					};
				};
			};
			buildConfigurationList = E6451E542570A6F3002C630D /* Build configuration list for PBXProject "UrbanMapper" */;
			compatibilityVersion = "Xcode 9.3";
			developmentRegion = en;
			hasScannedForEncodings = 0;
			knownRegions = (
				en,
				Base,
			);
			mainGroup = E6451E502570A6F3002C630D;
			productRefGroup = E6451E5A2570A6F3002C630D /* Products */;
			projectDirPath = "";
			projectRoot = "";
			targets = (
				E6451E582570A6F3002C630D /* UrbanMapper */,
				E6451E6E2570A6F6002C630D /* UrbanMapperTests */,
				E6451E792570A6F6002C630D /* UrbanMapperUITests */,
			);
		};
/* End PBXProject section */

/* Begin PBXResourcesBuildPhase section */
		E6451E572570A6F3002C630D /* Resources */ = {
			isa = PBXResourcesBuildPhase;
			buildActionMask = 2147483647;
			files = (
				E6451E692570A6F6002C630D /* LaunchScreen.storyboard in Resources */,
				E6451E662570A6F6002C630D /* Assets.xcassets in Resources */,
				E6451E642570A6F3002C630D /* Main.storyboard in Resources */,
			);
			runOnlyForDeploymentPostprocessing = 0;
		};
		E6451E6D2570A6F6002C630D /* Resources */ = {
			isa = PBXResourcesBuildPhase;
			buildActionMask = 2147483647;
			files = (
			);
			runOnlyForDeploymentPostprocessing = 0;
		};
		E6451E782570A6F6002C630D /* Resources */ = {
			isa = PBXResourcesBuildPhase;
			buildActionMask = 2147483647;
			files = (
			);
			runOnlyForDeploymentPostprocessing = 0;
		};
/* End PBXResourcesBuildPhase section */

/* Begin PBXSourcesBuildPhase section */
		E6451E552570A6F3002C630D /* Sources */ = {
			isa = PBXSourcesBuildPhase;
			buildActionMask = 2147483647;
			files = (
				E6451E612570A6F3002C630D /* ViewController.swift in Sources */,
				E6451E5D2570A6F3002C630D /* AppDelegate.swift in Sources */,
				E6451E5F2570A6F3002C630D /* SceneDelegate.swift in Sources */,
			);
			runOnlyForDeploymentPostprocessing = 0;
		};
		E6451E6B2570A6F6002C630D /* Sources */ = {
			isa = PBXSourcesBuildPhase;
			buildActionMask = 2147483647;
			files = (
				E6451E742570A6F6002C630D /* UrbanMapperTests.swift in Sources */,
			);
			runOnlyForDeploymentPostprocessing = 0;
		};
		E6451E762570A6F6002C630D /* Sources */ = {
			isa = PBXSourcesBuildPhase;
			buildActionMask = 2147483647;
			files = (
				E6451E7F2570A6F6002C630D /* UrbanMapperUITests.swift in Sources */,
			);
			runOnlyForDeploymentPostprocessing = 0;
		};
/* End PBXSourcesBuildPhase section */

/* Begin PBXTargetDependency section */
		E6451E712570A6F6002C630D /* PBXTargetDependency */ = {
			isa = PBXTargetDependency;
			target = E6451E582570A6F3002C630D /* UrbanMapper */;
			targetProxy = E6451E702570A6F6002C630D /* PBXContainerItemProxy */;
		};
		E6451E7C2570A6F6002C630D /* PBXTargetDependency */ = {
			isa = PBXTargetDependency;
			target = E6451E582570A6F3002C630D /* UrbanMapper */;
			targetProxy = E6451E7B2570A6F6002C630D /* PBXContainerItemProxy */;
		};
/* End PBXTargetDependency section */

/* Begin PBXVariantGroup section */
		E6451E622570A6F3002C630D /* Main.storyboard */ = {
			isa = PBXVariantGroup;
			children = (
				E6451E632570A6F3002C630D /* Base */,
			);
			name = Main.storyboard;
			sourceTree = "<group>";
		};
		E6451E672570A6F6002C630D /* LaunchScreen.storyboard */ = {
			isa = PBXVariantGroup;
			children = (
				E6451E682570A6F6002C630D /* Base */,
			);
			name = LaunchScreen.storyboard;
			sourceTree = "<group>";
		};
/* End PBXVariantGroup section */

/* Begin XCBuildConfiguration section */
		E6451E812570A6F7002C630D /* Debug */ = {
			isa = XCBuildConfiguration;
			buildSettings = {
				ALWAYS_SEARCH_USER_PATHS = NO;
				CLANG_ANALYZER_NONNULL = YES;
				CLANG_ANALYZER_NUMBER_OBJECT_CONVERSION = YES_AGGRESSIVE;
				CLANG_CXX_LANGUAGE_STANDARD = "gnu++14";
				CLANG_CXX_LIBRARY = "libc++";
				CLANG_ENABLE_MODULES = YES;
				CLANG_ENABLE_OBJC_ARC = YES;
				CLANG_ENABLE_OBJC_WEAK = YES;
				CLANG_WARN_BLOCK_CAPTURE_AUTORELEASING = YES;
				CLANG_WARN_BOOL_CONVERSION = YES;
				CLANG_WARN_COMMA = YES;
				CLANG_WARN_CONSTANT_CONVERSION = YES;
				CLANG_WARN_DEPRECATED_OBJC_IMPLEMENTATIONS = YES;
				CLANG_WARN_DIRECT_OBJC_ISA_USAGE = YES_ERROR;
				CLANG_WARN_DOCUMENTATION_COMMENTS = YES;
				CLANG_WARN_EMPTY_BODY = YES;
				CLANG_WARN_ENUM_CONVERSION = YES;
				CLANG_WARN_INFINITE_RECURSION = YES;
				CLANG_WARN_INT_CONVERSION = YES;
				CLANG_WARN_NON_LITERAL_NULL_CONVERSION = YES;
				CLANG_WARN_OBJC_IMPLICIT_RETAIN_SELF = YES;
				CLANG_WARN_OBJC_LITERAL_CONVERSION = YES;
				CLANG_WARN_OBJC_ROOT_CLASS = YES_ERROR;
				CLANG_WARN_QUOTED_INCLUDE_IN_FRAMEWORK_HEADER = YES;
				CLANG_WARN_RANGE_LOOP_ANALYSIS = YES;
				CLANG_WARN_STRICT_PROTOTYPES = YES;
				CLANG_WARN_SUSPICIOUS_MOVE = YES;
				CLANG_WARN_UNGUARDED_AVAILABILITY = YES_AGGRESSIVE;
				CLANG_WARN_UNREACHABLE_CODE = YES;
				CLANG_WARN__DUPLICATE_METHOD_MATCH = YES;
				COPY_PHASE_STRIP = NO;
				DEBUG_INFORMATION_FORMAT = dwarf;
				ENABLE_STRICT_OBJC_MSGSEND = YES;
				ENABLE_TESTABILITY = YES;
				GCC_C_LANGUAGE_STANDARD = gnu11;
				GCC_DYNAMIC_NO_PIC = NO;
				GCC_NO_COMMON_BLOCKS = YES;
				GCC_OPTIMIZATION_LEVEL = 0;
				GCC_PREPROCESSOR_DEFINITIONS = (
					"DEBUG=1",
					"$(inherited)",
				);
				GCC_WARN_64_TO_32_BIT_CONVERSION = YES;
				GCC_WARN_ABOUT_RETURN_TYPE = YES_ERROR;
				GCC_WARN_UNDECLARED_SELECTOR = YES;
				GCC_WARN_UNINITIALIZED_AUTOS = YES_AGGRESSIVE;
				GCC_WARN_UNUSED_FUNCTION = YES;
				GCC_WARN_UNUSED_VARIABLE = YES;
				IPHONEOS_DEPLOYMENT_TARGET = 14.1;
				MTL_ENABLE_DEBUG_INFO = INCLUDE_SOURCE;
				MTL_FAST_MATH = YES;
				ONLY_ACTIVE_ARCH = YES;
				SDKROOT = iphoneos;
				SWIFT_ACTIVE_COMPILATION_CONDITIONS = DEBUG;
				SWIFT_OPTIMIZATION_LEVEL = "-Onone";
			};
			name = Debug;
		};
		E6451E822570A6F7002C630D /* Release */ = {
			isa = XCBuildConfiguration;
			buildSettings = {
				ALWAYS_SEARCH_USER_PATHS = NO;
				CLANG_ANALYZER_NONNULL = YES;
				CLANG_ANALYZER_NUMBER_OBJECT_CONVERSION = YES_AGGRESSIVE;
				CLANG_CXX_LANGUAGE_STANDARD = "gnu++14";
				CLANG_CXX_LIBRARY = "libc++";
				CLANG_ENABLE_MODULES = YES;
				CLANG_ENABLE_OBJC_ARC = YES;
				CLANG_ENABLE_OBJC_WEAK = YES;
				CLANG_WARN_BLOCK_CAPTURE_AUTORELEASING = YES;
				CLANG_WARN_BOOL_CONVERSION = YES;
				CLANG_WARN_COMMA = YES;
				CLANG_WARN_CONSTANT_CONVERSION = YES;
				CLANG_WARN_DEPRECATED_OBJC_IMPLEMENTATIONS = YES;
				CLANG_WARN_DIRECT_OBJC_ISA_USAGE = YES_ERROR;
				CLANG_WARN_DOCUMENTATION_COMMENTS = YES;
				CLANG_WARN_EMPTY_BODY = YES;
				CLANG_WARN_ENUM_CONVERSION = YES;
				CLANG_WARN_INFINITE_RECURSION = YES;
				CLANG_WARN_INT_CONVERSION = YES;
				CLANG_WARN_NON_LITERAL_NULL_CONVERSION = YES;
				CLANG_WARN_OBJC_IMPLICIT_RETAIN_SELF = YES;
				CLANG_WARN_OBJC_LITERAL_CONVERSION = YES;
				CLANG_WARN_OBJC_ROOT_CLASS = YES_ERROR;
				CLANG_WARN_QUOTED_INCLUDE_IN_FRAMEWORK_HEADER = YES;
				CLANG_WARN_RANGE_LOOP_ANALYSIS = YES;
				CLANG_WARN_STRICT_PROTOTYPES = YES;
				CLANG_WARN_SUSPICIOUS_MOVE = YES;
				CLANG_WARN_UNGUARDED_AVAILABILITY = YES_AGGRESSIVE;
				CLANG_WARN_UNREACHABLE_CODE = YES;
				CLANG_WARN__DUPLICATE_METHOD_MATCH = YES;
				COPY_PHASE_STRIP = NO;
				DEBUG_INFORMATION_FORMAT = "dwarf-with-dsym";
				ENABLE_NS_ASSERTIONS = NO;
				ENABLE_STRICT_OBJC_MSGSEND = YES;
				GCC_C_LANGUAGE_STANDARD = gnu11;
				GCC_NO_COMMON_BLOCKS = YES;
				GCC_WARN_64_TO_32_BIT_CONVERSION = YES;
				GCC_WARN_ABOUT_RETURN_TYPE = YES_ERROR;
				GCC_WARN_UNDECLARED_SELECTOR = YES;
				GCC_WARN_UNINITIALIZED_AUTOS = YES_AGGRESSIVE;
				GCC_WARN_UNUSED_FUNCTION = YES;
				GCC_WARN_UNUSED_VARIABLE = YES;
				IPHONEOS_DEPLOYMENT_TARGET = 14.1;
				MTL_ENABLE_DEBUG_INFO = NO;
				MTL_FAST_MATH = YES;
				SDKROOT = iphoneos;
				SWIFT_COMPILATION_MODE = wholemodule;
				SWIFT_OPTIMIZATION_LEVEL = "-O";
				VALIDATE_PRODUCT = YES;
			};
			name = Release;
		};
		E6451E842570A6F7002C630D /* Debug */ = {
			isa = XCBuildConfiguration;
			buildSettings = {
				ASSETCATALOG_COMPILER_APPICON_NAME = AppIcon;
				ASSETCATALOG_COMPILER_GLOBAL_ACCENT_COLOR_NAME = AccentColor;
				CODE_SIGN_STYLE = Automatic;
				INFOPLIST_FILE = UrbanMapper/Info.plist;
				LD_RUNPATH_SEARCH_PATHS = (
					"$(inherited)",
					"@executable_path/Frameworks",
				);
				PRODUCT_BUNDLE_IDENTIFIER = edu.ucr.UrbanMapper;
				PRODUCT_NAME = "$(TARGET_NAME)";
				SWIFT_VERSION = 5.0;
				TARGETED_DEVICE_FAMILY = "1,2";
			};
			name = Debug;
		};
		E6451E852570A6F7002C630D /* Release */ = {
			isa = XCBuildConfiguration;
			buildSettings = {
				ASSETCATALOG_COMPILER_APPICON_NAME = AppIcon;
				ASSETCATALOG_COMPILER_GLOBAL_ACCENT_COLOR_NAME = AccentColor;
				CODE_SIGN_STYLE = Automatic;
				INFOPLIST_FILE = UrbanMapper/Info.plist;
				LD_RUNPATH_SEARCH_PATHS = (
					"$(inherited)",
					"@executable_path/Frameworks",
				);
				PRODUCT_BUNDLE_IDENTIFIER = edu.ucr.UrbanMapper;
				PRODUCT_NAME = "$(TARGET_NAME)";
				SWIFT_VERSION = 5.0;
				TARGETED_DEVICE_FAMILY = "1,2";
			};
			name = Release;
		};
		E6451E872570A6F7002C630D /* Debug */ = {
			isa = XCBuildConfiguration;
			buildSettings = {
				ALWAYS_EMBED_SWIFT_STANDARD_LIBRARIES = YES;
				BUNDLE_LOADER = "$(TEST_HOST)";
				CODE_SIGN_STYLE = Automatic;
				INFOPLIST_FILE = UrbanMapperTests/Info.plist;
				IPHONEOS_DEPLOYMENT_TARGET = 14.1;
				LD_RUNPATH_SEARCH_PATHS = (
					"$(inherited)",
					"@executable_path/Frameworks",
					"@loader_path/Frameworks",
				);
				PRODUCT_BUNDLE_IDENTIFIER = edu.ucr.UrbanMapperTests;
				PRODUCT_NAME = "$(TARGET_NAME)";
				SWIFT_VERSION = 5.0;
				TARGETED_DEVICE_FAMILY = "1,2";
				TEST_HOST = "$(BUILT_PRODUCTS_DIR)/UrbanMapper.app/UrbanMapper";
			};
			name = Debug;
		};
		E6451E882570A6F7002C630D /* Release */ = {
			isa = XCBuildConfiguration;
			buildSettings = {
				ALWAYS_EMBED_SWIFT_STANDARD_LIBRARIES = YES;
				BUNDLE_LOADER = "$(TEST_HOST)";
				CODE_SIGN_STYLE = Automatic;
				INFOPLIST_FILE = UrbanMapperTests/Info.plist;
				IPHONEOS_DEPLOYMENT_TARGET = 14.1;
				LD_RUNPATH_SEARCH_PATHS = (
					"$(inherited)",
					"@executable_path/Frameworks",
					"@loader_path/Frameworks",
				);
				PRODUCT_BUNDLE_IDENTIFIER = edu.ucr.UrbanMapperTests;
				PRODUCT_NAME = "$(TARGET_NAME)";
				SWIFT_VERSION = 5.0;
				TARGETED_DEVICE_FAMILY = "1,2";
				TEST_HOST = "$(BUILT_PRODUCTS_DIR)/UrbanMapper.app/UrbanMapper";
			};
			name = Release;
		};
		E6451E8A2570A6F7002C630D /* Debug */ = {
			isa = XCBuildConfiguration;
			buildSettings = {
				ALWAYS_EMBED_SWIFT_STANDARD_LIBRARIES = YES;
				CODE_SIGN_STYLE = Automatic;
				INFOPLIST_FILE = UrbanMapperUITests/Info.plist;
				LD_RUNPATH_SEARCH_PATHS = (
					"$(inherited)",
					"@executable_path/Frameworks",
					"@loader_path/Frameworks",
				);
				PRODUCT_BUNDLE_IDENTIFIER = edu.ucr.UrbanMapperUITests;
				PRODUCT_NAME = "$(TARGET_NAME)";
				SWIFT_VERSION = 5.0;
				TARGETED_DEVICE_FAMILY = "1,2";
				TEST_TARGET_NAME = UrbanMapper;
			};
			name = Debug;
		};
		E6451E8B2570A6F7002C630D /* Release */ = {
			isa = XCBuildConfiguration;
			buildSettings = {
				ALWAYS_EMBED_SWIFT_STANDARD_LIBRARIES = YES;
				CODE_SIGN_STYLE = Automatic;
				INFOPLIST_FILE = UrbanMapperUITests/Info.plist;
				LD_RUNPATH_SEARCH_PATHS = (
					"$(inherited)",
					"@executable_path/Frameworks",
					"@loader_path/Frameworks",
				);
				PRODUCT_BUNDLE_IDENTIFIER = edu.ucr.UrbanMapperUITests;
				PRODUCT_NAME = "$(TARGET_NAME)";
				SWIFT_VERSION = 5.0;
				TARGETED_DEVICE_FAMILY = "1,2";
				TEST_TARGET_NAME = UrbanMapper;
			};
			name = Release;
		};
/* End XCBuildConfiguration section */

/* Begin XCConfigurationList section */
		E6451E542570A6F3002C630D /* Build configuration list for PBXProject "UrbanMapper" */ = {
			isa = XCConfigurationList;
			buildConfigurations = (
				E6451E812570A6F7002C630D /* Debug */,
				E6451E822570A6F7002C630D /* Release */,
			);
			defaultConfigurationIsVisible = 0;
			defaultConfigurationName = Release;
		};
		E6451E832570A6F7002C630D /* Build configuration list for PBXNativeTarget "UrbanMapper" */ = {
			isa = XCConfigurationList;
			buildConfigurations = (
				E6451E842570A6F7002C630D /* Debug */,
				E6451E852570A6F7002C630D /* Release */,
			);
			defaultConfigurationIsVisible = 0;
			defaultConfigurationName = Release;
		};
		E6451E862570A6F7002C630D /* Build configuration list for PBXNativeTarget "UrbanMapperTests" */ = {
			isa = XCConfigurationList;
			buildConfigurations = (
				E6451E872570A6F7002C630D /* Debug */,
				E6451E882570A6F7002C630D /* Release */,
			);
			defaultConfigurationIsVisible = 0;
			defaultConfigurationName = Release;
		};
		E6451E892570A6F7002C630D /* Build configuration list for PBXNativeTarget "UrbanMapperUITests" */ = {
			isa = XCConfigurationList;
			buildConfigurations = (
				E6451E8A2570A6F7002C630D /* Debug */,
				E6451E8B2570A6F7002C630D /* Release */,
			);
			defaultConfigurationIsVisible = 0;
			defaultConfigurationName = Release;
		};
/* End XCConfigurationList section */
	};
	rootObject = E6451E512570A6F3002C630D /* Project object */;
}
